
Microsoft Visual Studio Solution File, Format Version 12.00
# Visual Studio Version 16
VisualStudioVersion = 16.0.31624.102
MinimumVisualStudioVersion = 10.0.40219.1
Project("{FAE04EC0-301F-11D3-BF4B-00C04F79EFBC}") = "HangMan", "HangMan.csproj", "{CA7E5019-AD09-45F9-9CE5-27AC4492BBBC}"
EndProject
Global
	GlobalSection(SolutionConfigurationPlatforms) = preSolution
		Debug|Any CPU = Debug|Any CPU
		Release|Any CPU = Release|Any CPU
	EndGlobalSection
	GlobalSection(ProjectConfigurationPlatforms) = postSolution
		{CA7E5019-AD09-45F9-9CE5-27AC4492BBBC}.Debug|Any CPU.ActiveCfg = Debug|Any CPU
		{CA7E5019-AD09-45F9-9CE5-27AC4492BBBC}.Debug|Any CPU.Build.0 = Debug|Any CPU
		{CA7E5019-AD09-45F9-9CE5-27AC4492BBBC}.Release|Any CPU.ActiveCfg = Release|Any CPU
		{CA7E5019-AD09-45F9-9CE5-27AC4492BBBC}.Release|Any CPU.Build.0 = Release|Any CPU
	EndGlobalSection
	GlobalSection(SolutionProperties) = preSolution
		HideSolutionNode = FALSE
	EndGlobalSection
	GlobalSection(ExtensibilityGlobals) = postSolution
		SolutionGuid = {E21B161A-9734-48BA-B3B9-27A4E51D056E}
	EndGlobalSection
EndGlobal
